
Microsoft Visual Studio Solution File, Format Version 12.00
# Visual Studio Version 16
VisualStudioVersion = 16.0.31702.278
MinimumVisualStudioVersion = 10.0.40219.1
Project("{FAE04EC0-301F-11D3-BF4B-00C04F79EFBC}") = "Models.Tests", "Models.Tests\Models.Tests.csproj", "{C4C60A2D-91B2-4395-9EA0-FB055CBA7443}"
EndProject
Project("{2150E333-8FDC-42A3-9474-1A3956D46DE8}") = "Solution Items", "Solution Items", "{49BAFA5E-537C-4554-B99C-DBDE7DF962B6}"
	ProjectSection(SolutionItems) = preProject
		Coverage.bat = Coverage.bat
	EndProjectSection
EndProject
Project("{FAE04EC0-301F-11D3-BF4B-00C04F79EFBC}") = "Models", "Models\Models.csproj", "{23C562B7-5B81-4C9D-B0E6-1BCD5B917AF8}"
EndProject
Global
	GlobalSection(SolutionConfigurationPlatforms) = preSolution
		Debug|Any CPU = Debug|Any CPU
		Release|Any CPU = Release|Any CPU
	EndGlobalSection
	GlobalSection(ProjectConfigurationPlatforms) = postSolution
		{C4C60A2D-91B2-4395-9EA0-FB055CBA7443}.Debug|Any CPU.ActiveCfg = Debug|Any CPU
		{C4C60A2D-91B2-4395-9EA0-FB055CBA7443}.Debug|Any CPU.Build.0 = Debug|Any CPU
		{C4C60A2D-91B2-4395-9EA0-FB055CBA7443}.Release|Any CPU.ActiveCfg = Release|Any CPU
		{C4C60A2D-91B2-4395-9EA0-FB055CBA7443}.Release|Any CPU.Build.0 = Release|Any CPU
		{23C562B7-5B81-4C9D-B0E6-1BCD5B917AF8}.Debug|Any CPU.ActiveCfg = Debug|Any CPU
		{23C562B7-5B81-4C9D-B0E6-1BCD5B917AF8}.Debug|Any CPU.Build.0 = Debug|Any CPU
		{23C562B7-5B81-4C9D-B0E6-1BCD5B917AF8}.Release|Any CPU.ActiveCfg = Release|Any CPU
		{23C562B7-5B81-4C9D-B0E6-1BCD5B917AF8}.Release|Any CPU.Build.0 = Release|Any CPU
	EndGlobalSection
	GlobalSection(SolutionProperties) = preSolution
		HideSolutionNode = FALSE
	EndGlobalSection
	GlobalSection(ExtensibilityGlobals) = postSolution
		SolutionGuid = {1185D91E-012B-456F-8669-667F8F1B36A7}
	EndGlobalSection
EndGlobal
